// !$*UTF8*$!
{
	archiveVersion = 1;
	classes = {
	};
	objectVersion = 77;
	objects = {

/* Begin PBXContainerItemProxy section */
		DD92BB4A2DDE0B0600BE8BB6 /* PBXContainerItemProxy */ = {
			isa = PBXContainerItemProxy;
			containerPortal = DD92BB332DDE0B0400BE8BB6 /* Project object */;
			proxyType = 1;
			remoteGlobalIDString = DD92BB3A2DDE0B0400BE8BB6;
			remoteInfo = "Day29_HelloSwift(Profile_Card)";
		};
		DD92BB542DDE0B0600BE8BB6 /* PBXContainerItemProxy */ = {
			isa = PBXContainerItemProxy;
			containerPortal = DD92BB332DDE0B0400BE8BB6 /* Project object */;
			proxyType = 1;
			remoteGlobalIDString = DD92BB3A2DDE0B0400BE8BB6;
			remoteInfo = "Day29_HelloSwift(Profile_Card)";
		};
/* End PBXContainerItemProxy section */

/* Begin PBXFileReference section */
		DD92BB3B2DDE0B0400BE8BB6 /* Day29_HelloSwift(Profile_Card).app */ = {isa = PBXFileReference; explicitFileType = wrapper.application; includeInIndex = 0; path = "Day29_HelloSwift(Profile_Card).app"; sourceTree = BUILT_PRODUCTS_DIR; };
		DD92BB492DDE0B0600BE8BB6 /* Day29_HelloSwift(Profile_Card)Tests.xctest */ = {isa = PBXFileReference; explicitFileType = wrapper.cfbundle; includeInIndex = 0; path = "Day29_HelloSwift(Profile_Card)Tests.xctest"; sourceTree = BUILT_PRODUCTS_DIR; };
		DD92BB532DDE0B0600BE8BB6 /* Day29_HelloSwift(Profile_Card)UITests.xctest */ = {isa = PBXFileReference; explicitFileType = wrapper.cfbundle; includeInIndex = 0; path = "Day29_HelloSwift(Profile_Card)UITests.xctest"; sourceTree = BUILT_PRODUCTS_DIR; };
/* End PBXFileReference section */

/* Begin PBXFileSystemSynchronizedRootGroup section */
		DD92BB3D2DDE0B0400BE8BB6 /* Day29_HelloSwift(Profile_Card) */ = {
			isa = PBXFileSystemSynchronizedRootGroup;
			path = "Day29_HelloSwift(Profile_Card)";
			sourceTree = "<group>";
		};
		DD92BB4C2DDE0B0600BE8BB6 /* Day29_HelloSwift(Profile_Card)Tests */ = {
			isa = PBXFileSystemSynchronizedRootGroup;
			path = "Day29_HelloSwift(Profile_Card)Tests";
			sourceTree = "<group>";
		};
		DD92BB562DDE0B0600BE8BB6 /* Day29_HelloSwift(Profile_Card)UITests */ = {
			isa = PBXFileSystemSynchronizedRootGroup;
			path = "Day29_HelloSwift(Profile_Card)UITests";
			sourceTree = "<group>";
		};
/* End PBXFileSystemSynchronizedRootGroup section */

/* Begin PBXFrameworksBuildPhase section */
		DD92BB382DDE0B0400BE8BB6 /* Frameworks */ = {
			isa = PBXFrameworksBuildPhase;
			buildActionMask = 2147483647;
			files = (
			);
			runOnlyForDeploymentPostprocessing = 0;
		};
		DD92BB462DDE0B0600BE8BB6 /* Frameworks */ = {
			isa = PBXFrameworksBuildPhase;
			buildActionMask = 2147483647;
			files = (
			);
			runOnlyForDeploymentPostprocessing = 0;
		};
		DD92BB502DDE0B0600BE8BB6 /* Frameworks */ = {
			isa = PBXFrameworksBuildPhase;
			buildActionMask = 2147483647;
			files = (
			);
			runOnlyForDeploymentPostprocessing = 0;
		};
/* End PBXFrameworksBuildPhase section */

/* Begin PBXGroup section */
		DD92BB322DDE0B0400BE8BB6 = {
			isa = PBXGroup;
			children = (
				DD92BB3D2DDE0B0400BE8BB6 /* Day29_HelloSwift(Profile_Card) */,
				DD92BB4C2DDE0B0600BE8BB6 /* Day29_HelloSwift(Profile_Card)Tests */,
				DD92BB562DDE0B0600BE8BB6 /* Day29_HelloSwift(Profile_Card)UITests */,
				DD92BB3C2DDE0B0400BE8BB6 /* Products */,
			);
			sourceTree = "<group>";
		};
		DD92BB3C2DDE0B0400BE8BB6 /* Products */ = {
			isa = PBXGroup;
			children = (
				DD92BB3B2DDE0B0400BE8BB6 /* Day29_HelloSwift(Profile_Card).app */,
				DD92BB492DDE0B0600BE8BB6 /* Day29_HelloSwift(Profile_Card)Tests.xctest */,
				DD92BB532DDE0B0600BE8BB6 /* Day29_HelloSwift(Profile_Card)UITests.xctest */,
			);
			name = Products;
			sourceTree = "<group>";
		};
/* End PBXGroup section */

/* Begin PBXNativeTarget section */
		DD92BB3A2DDE0B0400BE8BB6 /* Day29_HelloSwift(Profile_Card) */ = {
			isa = PBXNativeTarget;
			buildConfigurationList = DD92BB5D2DDE0B0600BE8BB6 /* Build configuration list for PBXNativeTarget "Day29_HelloSwift(Profile_Card)" */;
			buildPhases = (
				DD92BB372DDE0B0400BE8BB6 /* Sources */,
				DD92BB382DDE0B0400BE8BB6 /* Frameworks */,
				DD92BB392DDE0B0400BE8BB6 /* Resources */,
			);
			buildRules = (
			);
			dependencies = (
			);
			fileSystemSynchronizedGroups = (
				DD92BB3D2DDE0B0400BE8BB6 /* Day29_HelloSwift(Profile_Card) */,
			);
			name = "Day29_HelloSwift(Profile_Card)";
			packageProductDependencies = (
			);
			productName = "Day29_HelloSwift(Profile_Card)";
			productReference = DD92BB3B2DDE0B0400BE8BB6 /* Day29_HelloSwift(Profile_Card).app */;
			productType = "com.apple.product-type.application";
		};
		DD92BB482DDE0B0600BE8BB6 /* Day29_HelloSwift(Profile_Card)Tests */ = {
			isa = PBXNativeTarget;
			buildConfigurationList = DD92BB602DDE0B0600BE8BB6 /* Build configuration list for PBXNativeTarget "Day29_HelloSwift(Profile_Card)Tests" */;
			buildPhases = (
				DD92BB452DDE0B0600BE8BB6 /* Sources */,
				DD92BB462DDE0B0600BE8BB6 /* Frameworks */,
				DD92BB472DDE0B0600BE8BB6 /* Resources */,
			);
			buildRules = (
			);
			dependencies = (
				DD92BB4B2DDE0B0600BE8BB6 /* PBXTargetDependency */,
			);
			fileSystemSynchronizedGroups = (
				DD92BB4C2DDE0B0600BE8BB6 /* Day29_HelloSwift(Profile_Card)Tests */,
			);
			name = "Day29_HelloSwift(Profile_Card)Tests";
			packageProductDependencies = (
			);
			productName = "Day29_HelloSwift(Profile_Card)Tests";
			productReference = DD92BB492DDE0B0600BE8BB6 /* Day29_HelloSwift(Profile_Card)Tests.xctest */;
			productType = "com.apple.product-type.bundle.unit-test";
		};
		DD92BB522DDE0B0600BE8BB6 /* Day29_HelloSwift(Profile_Card)UITests */ = {
			isa = PBXNativeTarget;
			buildConfigurationList = DD92BB632DDE0B0600BE8BB6 /* Build configuration list for PBXNativeTarget "Day29_HelloSwift(Profile_Card)UITests" */;
			buildPhases = (
				DD92BB4F2DDE0B0600BE8BB6 /* Sources */,
				DD92BB502DDE0B0600BE8BB6 /* Frameworks */,
				DD92BB512DDE0B0600BE8BB6 /* Resources */,
			);
			buildRules = (
			);
			dependencies = (
				DD92BB552DDE0B0600BE8BB6 /* PBXTargetDependency */,
			);
			fileSystemSynchronizedGroups = (
				DD92BB562DDE0B0600BE8BB6 /* Day29_HelloSwift(Profile_Card)UITests */,
			);
			name = "Day29_HelloSwift(Profile_Card)UITests";
			packageProductDependencies = (
			);
			productName = "Day29_HelloSwift(Profile_Card)UITests";
			productReference = DD92BB532DDE0B0600BE8BB6 /* Day29_HelloSwift(Profile_Card)UITests.xctest */;
			productType = "com.apple.product-type.bundle.ui-testing";
		};
/* End PBXNativeTarget section */

/* Begin PBXProject section */
		DD92BB332DDE0B0400BE8BB6 /* Project object */ = {
			isa = PBXProject;
			attributes = {
				BuildIndependentTargetsInParallel = 1;
				LastSwiftUpdateCheck = 1630;
				LastUpgradeCheck = 1630;
				TargetAttributes = {
					DD92BB3A2DDE0B0400BE8BB6 = {
						CreatedOnToolsVersion = 16.3;
					};
					DD92BB482DDE0B0600BE8BB6 = {
						CreatedOnToolsVersion = 16.3;
						TestTargetID = DD92BB3A2DDE0B0400BE8BB6;
					};
					DD92BB522DDE0B0600BE8BB6 = {
						CreatedOnToolsVersion = 16.3;
						TestTargetID = DD92BB3A2DDE0B0400BE8BB6;
					};
				};
			};
			buildConfigurationList = DD92BB362DDE0B0400BE8BB6 /* Build configuration list for PBXProject "Day29_HelloSwift(Profile_Card)" */;
			developmentRegion = en;
			hasScannedForEncodings = 0;
			knownRegions = (
				en,
				Base,
			);
			mainGroup = DD92BB322DDE0B0400BE8BB6;
			minimizedProjectReferenceProxies = 1;
			preferredProjectObjectVersion = 77;
			productRefGroup = DD92BB3C2DDE0B0400BE8BB6 /* Products */;
			projectDirPath = "";
			projectRoot = "";
			targets = (
				DD92BB3A2DDE0B0400BE8BB6 /* Day29_HelloSwift(Profile_Card) */,
				DD92BB482DDE0B0600BE8BB6 /* Day29_HelloSwift(Profile_Card)Tests */,
				DD92BB522DDE0B0600BE8BB6 /* Day29_HelloSwift(Profile_Card)UITests */,
			);
		};
/* End PBXProject section */

/* Begin PBXResourcesBuildPhase section */
		DD92BB392DDE0B0400BE8BB6 /* Resources */ = {
			isa = PBXResourcesBuildPhase;
			buildActionMask = 2147483647;
			files = (
			);
			runOnlyForDeploymentPostprocessing = 0;
		};
		DD92BB472DDE0B0600BE8BB6 /* Resources */ = {
			isa = PBXResourcesBuildPhase;
			buildActionMask = 2147483647;
			files = (
			);
			runOnlyForDeploymentPostprocessing = 0;
		};
		DD92BB512DDE0B0600BE8BB6 /* Resources */ = {
			isa = PBXResourcesBuildPhase;
			buildActionMask = 2147483647;
			files = (
			);
			runOnlyForDeploymentPostprocessing = 0;
		};
/* End PBXResourcesBuildPhase section */

/* Begin PBXSourcesBuildPhase section */
		DD92BB372DDE0B0400BE8BB6 /* Sources */ = {
			isa = PBXSourcesBuildPhase;
			buildActionMask = 2147483647;
			files = (
			);
			runOnlyForDeploymentPostprocessing = 0;
		};
		DD92BB452DDE0B0600BE8BB6 /* Sources */ = {
			isa = PBXSourcesBuildPhase;
			buildActionMask = 2147483647;
			files = (
			);
			runOnlyForDeploymentPostprocessing = 0;
		};
		DD92BB4F2DDE0B0600BE8BB6 /* Sources */ = {
			isa = PBXSourcesBuildPhase;
			buildActionMask = 2147483647;
			files = (
			);
			runOnlyForDeploymentPostprocessing = 0;
		};
/* End PBXSourcesBuildPhase section */

/* Begin PBXTargetDependency section */
		DD92BB4B2DDE0B0600BE8BB6 /* PBXTargetDependency */ = {
			isa = PBXTargetDependency;
			target = DD92BB3A2DDE0B0400BE8BB6 /* Day29_HelloSwift(Profile_Card) */;
			targetProxy = DD92BB4A2DDE0B0600BE8BB6 /* PBXContainerItemProxy */;
		};
		DD92BB552DDE0B0600BE8BB6 /* PBXTargetDependency */ = {
			isa = PBXTargetDependency;
			target = DD92BB3A2DDE0B0400BE8BB6 /* Day29_HelloSwift(Profile_Card) */;
			targetProxy = DD92BB542DDE0B0600BE8BB6 /* PBXContainerItemProxy */;
		};
/* End PBXTargetDependency section */

/* Begin XCBuildConfiguration section */
		DD92BB5B2DDE0B0600BE8BB6 /* Debug */ = {
			isa = XCBuildConfiguration;
			buildSettings = {
				ALWAYS_SEARCH_USER_PATHS = NO;
				ASSETCATALOG_COMPILER_GENERATE_SWIFT_ASSET_SYMBOL_EXTENSIONS = YES;
				CLANG_ANALYZER_NONNULL = YES;
				CLANG_ANALYZER_NUMBER_OBJECT_CONVERSION = YES_AGGRESSIVE;
				CLANG_CXX_LANGUAGE_STANDARD = "gnu++20";
				CLANG_ENABLE_MODULES = YES;
				CLANG_ENABLE_OBJC_ARC = YES;
				CLANG_ENABLE_OBJC_WEAK = YES;
				CLANG_WARN_BLOCK_CAPTURE_AUTORELEASING = YES;
				CLANG_WARN_BOOL_CONVERSION = YES;
				CLANG_WARN_COMMA = YES;
				CLANG_WARN_CONSTANT_CONVERSION = YES;
				CLANG_WARN_DEPRECATED_OBJC_IMPLEMENTATIONS = YES;
				CLANG_WARN_DIRECT_OBJC_ISA_USAGE = YES_ERROR;
				CLANG_WARN_DOCUMENTATION_COMMENTS = YES;
				CLANG_WARN_EMPTY_BODY = YES;
				CLANG_WARN_ENUM_CONVERSION = YES;
				CLANG_WARN_INFINITE_RECURSION = YES;
				CLANG_WARN_INT_CONVERSION = YES;
				CLANG_WARN_NON_LITERAL_NULL_CONVERSION = YES;
				CLANG_WARN_OBJC_IMPLICIT_RETAIN_SELF = YES;
				CLANG_WARN_OBJC_LITERAL_CONVERSION = YES;
				CLANG_WARN_OBJC_ROOT_CLASS = YES_ERROR;
				CLANG_WARN_QUOTED_INCLUDE_IN_FRAMEWORK_HEADER = YES;
				CLANG_WARN_RANGE_LOOP_ANALYSIS = YES;
				CLANG_WARN_STRICT_PROTOTYPES = YES;
				CLANG_WARN_SUSPICIOUS_MOVE = YES;
				CLANG_WARN_UNGUARDED_AVAILABILITY = YES_AGGRESSIVE;
				CLANG_WARN_UNREACHABLE_CODE = YES;
				CLANG_WARN__DUPLICATE_METHOD_MATCH = YES;
				COPY_PHASE_STRIP = NO;
				DEBUG_INFORMATION_FORMAT = dwarf;
				ENABLE_STRICT_OBJC_MSGSEND = YES;
				ENABLE_TESTABILITY = YES;
				ENABLE_USER_SCRIPT_SANDBOXING = YES;
				GCC_C_LANGUAGE_STANDARD = gnu17;
				GCC_DYNAMIC_NO_PIC = NO;
				GCC_NO_COMMON_BLOCKS = YES;
				GCC_OPTIMIZATION_LEVEL = 0;
				GCC_PREPROCESSOR_DEFINITIONS = (
					"DEBUG=1",
					"$(inherited)",
				);
				GCC_WARN_64_TO_32_BIT_CONVERSION = YES;
				GCC_WARN_ABOUT_RETURN_TYPE = YES_ERROR;
				GCC_WARN_UNDECLARED_SELECTOR = YES;
				GCC_WARN_UNINITIALIZED_AUTOS = YES_AGGRESSIVE;
				GCC_WARN_UNUSED_FUNCTION = YES;
				GCC_WARN_UNUSED_VARIABLE = YES;
				LOCALIZATION_PREFERS_STRING_CATALOGS = YES;
				MTL_ENABLE_DEBUG_INFO = INCLUDE_SOURCE;
				MTL_FAST_MATH = YES;
				ONLY_ACTIVE_ARCH = YES;
				SWIFT_ACTIVE_COMPILATION_CONDITIONS = "DEBUG $(inherited)";
				SWIFT_OPTIMIZATION_LEVEL = "-Onone";
			};
			name = Debug;
		};
		DD92BB5C2DDE0B0600BE8BB6 /* Release */ = {
			isa = XCBuildConfiguration;
			buildSettings = {
				ALWAYS_SEARCH_USER_PATHS = NO;
				ASSETCATALOG_COMPILER_GENERATE_SWIFT_ASSET_SYMBOL_EXTENSIONS = YES;
				CLANG_ANALYZER_NONNULL = YES;
				CLANG_ANALYZER_NUMBER_OBJECT_CONVERSION = YES_AGGRESSIVE;
				CLANG_CXX_LANGUAGE_STANDARD = "gnu++20";
				CLANG_ENABLE_MODULES = YES;
				CLANG_ENABLE_OBJC_ARC = YES;
				CLANG_ENABLE_OBJC_WEAK = YES;
				CLANG_WARN_BLOCK_CAPTURE_AUTORELEASING = YES;
				CLANG_WARN_BOOL_CONVERSION = YES;
				CLANG_WARN_COMMA = YES;
				CLANG_WARN_CONSTANT_CONVERSION = YES;
				CLANG_WARN_DEPRECATED_OBJC_IMPLEMENTATIONS = YES;
				CLANG_WARN_DIRECT_OBJC_ISA_USAGE = YES_ERROR;
				CLANG_WARN_DOCUMENTATION_COMMENTS = YES;
				CLANG_WARN_EMPTY_BODY = YES;
				CLANG_WARN_ENUM_CONVERSION = YES;
				CLANG_WARN_INFINITE_RECURSION = YES;
				CLANG_WARN_INT_CONVERSION = YES;
				CLANG_WARN_NON_LITERAL_NULL_CONVERSION = YES;
				CLANG_WARN_OBJC_IMPLICIT_RETAIN_SELF = YES;
				CLANG_WARN_OBJC_LITERAL_CONVERSION = YES;
				CLANG_WARN_OBJC_ROOT_CLASS = YES_ERROR;
				CLANG_WARN_QUOTED_INCLUDE_IN_FRAMEWORK_HEADER = YES;
				CLANG_WARN_RANGE_LOOP_ANALYSIS = YES;
				CLANG_WARN_STRICT_PROTOTYPES = YES;
				CLANG_WARN_SUSPICIOUS_MOVE = YES;
				CLANG_WARN_UNGUARDED_AVAILABILITY = YES_AGGRESSIVE;
				CLANG_WARN_UNREACHABLE_CODE = YES;
				CLANG_WARN__DUPLICATE_METHOD_MATCH = YES;
				COPY_PHASE_STRIP = NO;
				DEBUG_INFORMATION_FORMAT = "dwarf-with-dsym";
				ENABLE_NS_ASSERTIONS = NO;
				ENABLE_STRICT_OBJC_MSGSEND = YES;
				ENABLE_USER_SCRIPT_SANDBOXING = YES;
				GCC_C_LANGUAGE_STANDARD = gnu17;
				GCC_NO_COMMON_BLOCKS = YES;
				GCC_WARN_64_TO_32_BIT_CONVERSION = YES;
				GCC_WARN_ABOUT_RETURN_TYPE = YES_ERROR;
				GCC_WARN_UNDECLARED_SELECTOR = YES;
				GCC_WARN_UNINITIALIZED_AUTOS = YES_AGGRESSIVE;
				GCC_WARN_UNUSED_FUNCTION = YES;
				GCC_WARN_UNUSED_VARIABLE = YES;
				LOCALIZATION_PREFERS_STRING_CATALOGS = YES;
				MTL_ENABLE_DEBUG_INFO = NO;
				MTL_FAST_MATH = YES;
				SWIFT_COMPILATION_MODE = wholemodule;
			};
			name = Release;
		};
		DD92BB5E2DDE0B0600BE8BB6 /* Debug */ = {
			isa = XCBuildConfiguration;
			buildSettings = {
				ASSETCATALOG_COMPILER_APPICON_NAME = AppIcon;
				ASSETCATALOG_COMPILER_GLOBAL_ACCENT_COLOR_NAME = AccentColor;
				CODE_SIGN_ENTITLEMENTS = "Day29_HelloSwift(Profile_Card)/Day29_HelloSwift_Profile_Card_.entitlements";
				CODE_SIGN_STYLE = Automatic;
				CURRENT_PROJECT_VERSION = 1;
				ENABLE_PREVIEWS = YES;
				GENERATE_INFOPLIST_FILE = YES;
				"INFOPLIST_KEY_UIApplicationSceneManifest_Generation[sdk=iphoneos*]" = YES;
				"INFOPLIST_KEY_UIApplicationSceneManifest_Generation[sdk=iphonesimulator*]" = YES;
				"INFOPLIST_KEY_UIApplicationSupportsIndirectInputEvents[sdk=iphoneos*]" = YES;
				"INFOPLIST_KEY_UIApplicationSupportsIndirectInputEvents[sdk=iphonesimulator*]" = YES;
				"INFOPLIST_KEY_UILaunchScreen_Generation[sdk=iphoneos*]" = YES;
				"INFOPLIST_KEY_UILaunchScreen_Generation[sdk=iphonesimulator*]" = YES;
				"INFOPLIST_KEY_UIStatusBarStyle[sdk=iphoneos*]" = UIStatusBarStyleDefault;
				"INFOPLIST_KEY_UIStatusBarStyle[sdk=iphonesimulator*]" = UIStatusBarStyleDefault;
				INFOPLIST_KEY_UISupportedInterfaceOrientations_iPad = "UIInterfaceOrientationPortrait UIInterfaceOrientationPortraitUpsideDown UIInterfaceOrientationLandscapeLeft UIInterfaceOrientationLandscapeRight";
				INFOPLIST_KEY_UISupportedInterfaceOrientations_iPhone = "UIInterfaceOrientationPortrait UIInterfaceOrientationLandscapeLeft UIInterfaceOrientationLandscapeRight";
				IPHONEOS_DEPLOYMENT_TARGET = 18.4;
				LD_RUNPATH_SEARCH_PATHS = "@executable_path/Frameworks";
				"LD_RUNPATH_SEARCH_PATHS[sdk=macosx*]" = "@executable_path/../Frameworks";
				MACOSX_DEPLOYMENT_TARGET = 15.4;
				MARKETING_VERSION = 1.0;
				PRODUCT_BUNDLE_IDENTIFIER = "com.KhennardySutanto.Day29-HelloSwift-Profile-Card-";
				PRODUCT_NAME = "$(TARGET_NAME)";
				REGISTER_APP_GROUPS = YES;
				SDKROOT = auto;
				SUPPORTED_PLATFORMS = "iphoneos iphonesimulator macosx xros xrsimulator";
				SWIFT_EMIT_LOC_STRINGS = YES;
				SWIFT_VERSION = 5.0;
				TARGETED_DEVICE_FAMILY = "1,2,7";
				XROS_DEPLOYMENT_TARGET = 2.4;
			};
			name = Debug;
		};
		DD92BB5F2DDE0B0600BE8BB6 /* Release */ = {
			isa = XCBuildConfiguration;
			buildSettings = {
				ASSETCATALOG_COMPILER_APPICON_NAME = AppIcon;
				ASSETCATALOG_COMPILER_GLOBAL_ACCENT_COLOR_NAME = AccentColor;
				CODE_SIGN_ENTITLEMENTS = "Day29_HelloSwift(Profile_Card)/Day29_HelloSwift_Profile_Card_.entitlements";
				CODE_SIGN_STYLE = Automatic;
				CURRENT_PROJECT_VERSION = 1;
				ENABLE_PREVIEWS = YES;
				GENERATE_INFOPLIST_FILE = YES;
				"INFOPLIST_KEY_UIApplicationSceneManifest_Generation[sdk=iphoneos*]" = YES;
				"INFOPLIST_KEY_UIApplicationSceneManifest_Generation[sdk=iphonesimulator*]" = YES;
				"INFOPLIST_KEY_UIApplicationSupportsIndirectInputEvents[sdk=iphoneos*]" = YES;
				"INFOPLIST_KEY_UIApplicationSupportsIndirectInputEvents[sdk=iphonesimulator*]" = YES;
				"INFOPLIST_KEY_UILaunchScreen_Generation[sdk=iphoneos*]" = YES;
				"INFOPLIST_KEY_UILaunchScreen_Generation[sdk=iphonesimulator*]" = YES;
				"INFOPLIST_KEY_UIStatusBarStyle[sdk=iphoneos*]" = UIStatusBarStyleDefault;
				"INFOPLIST_KEY_UIStatusBarStyle[sdk=iphonesimulator*]" = UIStatusBarStyleDefault;
				INFOPLIST_KEY_UISupportedInterfaceOrientations_iPad = "UIInterfaceOrientationPortrait UIInterfaceOrientationPortraitUpsideDown UIInterfaceOrientationLandscapeLeft UIInterfaceOrientationLandscapeRight";
				INFOPLIST_KEY_UISupportedInterfaceOrientations_iPhone = "UIInterfaceOrientationPortrait UIInterfaceOrientationLandscapeLeft UIInterfaceOrientationLandscapeRight";
				IPHONEOS_DEPLOYMENT_TARGET = 18.4;
				LD_RUNPATH_SEARCH_PATHS = "@executable_path/Frameworks";
				"LD_RUNPATH_SEARCH_PATHS[sdk=macosx*]" = "@executable_path/../Frameworks";
				MACOSX_DEPLOYMENT_TARGET = 15.4;
				MARKETING_VERSION = 1.0;
				PRODUCT_BUNDLE_IDENTIFIER = "com.KhennardySutanto.Day29-HelloSwift-Profile-Card-";
				PRODUCT_NAME = "$(TARGET_NAME)";
				REGISTER_APP_GROUPS = YES;
				SDKROOT = auto;
				SUPPORTED_PLATFORMS = "iphoneos iphonesimulator macosx xros xrsimulator";
				SWIFT_EMIT_LOC_STRINGS = YES;
				SWIFT_VERSION = 5.0;
				TARGETED_DEVICE_FAMILY = "1,2,7";
				XROS_DEPLOYMENT_TARGET = 2.4;
			};
			name = Release;
		};
		DD92BB612DDE0B0600BE8BB6 /* Debug */ = {
			isa = XCBuildConfiguration;
			buildSettings = {
				BUNDLE_LOADER = "$(TEST_HOST)";
				CODE_SIGN_STYLE = Automatic;
				CURRENT_PROJECT_VERSION = 1;
				GENERATE_INFOPLIST_FILE = YES;
				IPHONEOS_DEPLOYMENT_TARGET = 18.4;
				MACOSX_DEPLOYMENT_TARGET = 15.4;
				MARKETING_VERSION = 1.0;
				PRODUCT_BUNDLE_IDENTIFIER = "com.KhennardySutanto.Day29-HelloSwift-Profile-Card-Tests";
				PRODUCT_NAME = "$(TARGET_NAME)";
				SDKROOT = auto;
				SUPPORTED_PLATFORMS = "iphoneos iphonesimulator macosx xros xrsimulator";
				SWIFT_EMIT_LOC_STRINGS = NO;
				SWIFT_VERSION = 5.0;
				TARGETED_DEVICE_FAMILY = "1,2,7";
				TEST_HOST = "$(BUILT_PRODUCTS_DIR)/Day29_HelloSwift(Profile_Card).app/$(BUNDLE_EXECUTABLE_FOLDER_PATH)/Day29_HelloSwift(Profile_Card)";
				XROS_DEPLOYMENT_TARGET = 2.4;
			};
			name = Debug;
		};
		DD92BB622DDE0B0600BE8BB6 /* Release */ = {
			isa = XCBuildConfiguration;
			buildSettings = {
				BUNDLE_LOADER = "$(TEST_HOST)";
				CODE_SIGN_STYLE = Automatic;
				CURRENT_PROJECT_VERSION = 1;
				GENERATE_INFOPLIST_FILE = YES;
				IPHONEOS_DEPLOYMENT_TARGET = 18.4;
				MACOSX_DEPLOYMENT_TARGET = 15.4;
				MARKETING_VERSION = 1.0;
				PRODUCT_BUNDLE_IDENTIFIER = "com.KhennardySutanto.Day29-HelloSwift-Profile-Card-Tests";
				PRODUCT_NAME = "$(TARGET_NAME)";
				SDKROOT = auto;
				SUPPORTED_PLATFORMS = "iphoneos iphonesimulator macosx xros xrsimulator";
				SWIFT_EMIT_LOC_STRINGS = NO;
				SWIFT_VERSION = 5.0;
				TARGETED_DEVICE_FAMILY = "1,2,7";
				TEST_HOST = "$(BUILT_PRODUCTS_DIR)/Day29_HelloSwift(Profile_Card).app/$(BUNDLE_EXECUTABLE_FOLDER_PATH)/Day29_HelloSwift(Profile_Card)";
				XROS_DEPLOYMENT_TARGET = 2.4;
			};
			name = Release;
		};
		DD92BB642DDE0B0600BE8BB6 /* Debug */ = {
			isa = XCBuildConfiguration;
			buildSettings = {
				CODE_SIGN_STYLE = Automatic;
				CURRENT_PROJECT_VERSION = 1;
				GENERATE_INFOPLIST_FILE = YES;
				IPHONEOS_DEPLOYMENT_TARGET = 18.4;
				MACOSX_DEPLOYMENT_TARGET = 15.4;
				MARKETING_VERSION = 1.0;
				PRODUCT_BUNDLE_IDENTIFIER = "com.KhennardySutanto.Day29-HelloSwift-Profile-Card-UITests";
				PRODUCT_NAME = "$(TARGET_NAME)";
				SDKROOT = auto;
				SUPPORTED_PLATFORMS = "iphoneos iphonesimulator macosx xros xrsimulator";
				SWIFT_EMIT_LOC_STRINGS = NO;
				SWIFT_VERSION = 5.0;
				TARGETED_DEVICE_FAMILY = "1,2,7";
				TEST_TARGET_NAME = "Day29_HelloSwift(Profile_Card)";
				XROS_DEPLOYMENT_TARGET = 2.4;
			};
			name = Debug;
		};
		DD92BB652DDE0B0600BE8BB6 /* Release */ = {
			isa = XCBuildConfiguration;
			buildSettings = {
				CODE_SIGN_STYLE = Automatic;
				CURRENT_PROJECT_VERSION = 1;
				GENERATE_INFOPLIST_FILE = YES;
				IPHONEOS_DEPLOYMENT_TARGET = 18.4;
				MACOSX_DEPLOYMENT_TARGET = 15.4;
				MARKETING_VERSION = 1.0;
				PRODUCT_BUNDLE_IDENTIFIER = "com.KhennardySutanto.Day29-HelloSwift-Profile-Card-UITests";
				PRODUCT_NAME = "$(TARGET_NAME)";
				SDKROOT = auto;
				SUPPORTED_PLATFORMS = "iphoneos iphonesimulator macosx xros xrsimulator";
				SWIFT_EMIT_LOC_STRINGS = NO;
				SWIFT_VERSION = 5.0;
				TARGETED_DEVICE_FAMILY = "1,2,7";
				TEST_TARGET_NAME = "Day29_HelloSwift(Profile_Card)";
				XROS_DEPLOYMENT_TARGET = 2.4;
			};
			name = Release;
		};
/* End XCBuildConfiguration section */

/* Begin XCConfigurationList section */
		DD92BB362DDE0B0400BE8BB6 /* Build configuration list for PBXProject "Day29_HelloSwift(Profile_Card)" */ = {
			isa = XCConfigurationList;
			buildConfigurations = (
				DD92BB5B2DDE0B0600BE8BB6 /* Debug */,
				DD92BB5C2DDE0B0600BE8BB6 /* Release */,
			);
			defaultConfigurationIsVisible = 0;
			defaultConfigurationName = Release;
		};
		DD92BB5D2DDE0B0600BE8BB6 /* Build configuration list for PBXNativeTarget "Day29_HelloSwift(Profile_Card)" */ = {
			isa = XCConfigurationList;
			buildConfigurations = (
				DD92BB5E2DDE0B0600BE8BB6 /* Debug */,
				DD92BB5F2DDE0B0600BE8BB6 /* Release */,
			);
			defaultConfigurationIsVisible = 0;
			defaultConfigurationName = Release;
		};
		DD92BB602DDE0B0600BE8BB6 /* Build configuration list for PBXNativeTarget "Day29_HelloSwift(Profile_Card)Tests" */ = {
			isa = XCConfigurationList;
			buildConfigurations = (
				DD92BB612DDE0B0600BE8BB6 /* Debug */,
				DD92BB622DDE0B0600BE8BB6 /* Release */,
			);
			defaultConfigurationIsVisible = 0;
			defaultConfigurationName = Release;
		};
		DD92BB632DDE0B0600BE8BB6 /* Build configuration list for PBXNativeTarget "Day29_HelloSwift(Profile_Card)UITests" */ = {
			isa = XCConfigurationList;
			buildConfigurations = (
				DD92BB642DDE0B0600BE8BB6 /* Debug */,
				DD92BB652DDE0B0600BE8BB6 /* Release */,
			);
			defaultConfigurationIsVisible = 0;
			defaultConfigurationName = Release;
		};
/* End XCConfigurationList section */
	};
	rootObject = DD92BB332DDE0B0400BE8BB6 /* Project object */;
}
